
Microsoft Visual Studio Solution File, Format Version 12.00
# Visual Studio 15
VisualStudioVersion = 15.0.27130.2024
MinimumVisualStudioVersion = 10.0.40219.1
Project("{FAE04EC0-301F-11D3-BF4B-00C04F79EFBC}") = "01MatchFullName", "01MatchFullName\01MatchFullName.csproj", "{B44AE28E-C022-4ADE-B7D0-7623BAFAE8BF}"
EndProject
Project("{FAE04EC0-301F-11D3-BF4B-00C04F79EFBC}") = "02MatchPhoneNumber", "02MatchPhoneNumber\02MatchPhoneNumber.csproj", "{00A07CCD-766B-453A-BC8D-9FBDC8E36462}"
EndProject
Project("{FAE04EC0-301F-11D3-BF4B-00C04F79EFBC}") = "03MatchHexadecimalNumbers", "03MatchHexadecimalNumbers\03MatchHexadecimalNumbers.csproj", "{A770A0B0-350B-4A9E-8F28-9EB9AA8286C7}"
EndProject
Project("{FAE04EC0-301F-11D3-BF4B-00C04F79EFBC}") = "04MatchDates", "04MatchDates\04MatchDates.csproj", "{C421E1B5-2324-4CC2-8B82-D998333E9599}"
EndProject
Project("{FAE04EC0-301F-11D3-BF4B-00C04F79EFBC}") = "05MatchNumbers", "05MatchNumbers\05MatchNumbers.csproj", "{96AF4754-84E1-4BD6-8757-5703E6D7B96B}"
EndProject
Project("{FAE04EC0-301F-11D3-BF4B-00C04F79EFBC}") = "06ReplaceATag", "06ReplaceATag\06ReplaceATag.csproj", "{4212FE30-39DB-48D5-9A16-6F4CE97D1C79}"
EndProject
Global
	GlobalSection(SolutionConfigurationPlatforms) = preSolution
		Debug|Any CPU = Debug|Any CPU
		Release|Any CPU = Release|Any CPU
	EndGlobalSection
	GlobalSection(ProjectConfigurationPlatforms) = postSolution
		{B44AE28E-C022-4ADE-B7D0-7623BAFAE8BF}.Debug|Any CPU.ActiveCfg = Debug|Any CPU
		{B44AE28E-C022-4ADE-B7D0-7623BAFAE8BF}.Debug|Any CPU.Build.0 = Debug|Any CPU
		{B44AE28E-C022-4ADE-B7D0-7623BAFAE8BF}.Release|Any CPU.ActiveCfg = Release|Any CPU
		{B44AE28E-C022-4ADE-B7D0-7623BAFAE8BF}.Release|Any CPU.Build.0 = Release|Any CPU
		{00A07CCD-766B-453A-BC8D-9FBDC8E36462}.Debug|Any CPU.ActiveCfg = Debug|Any CPU
		{00A07CCD-766B-453A-BC8D-9FBDC8E36462}.Debug|Any CPU.Build.0 = Debug|Any CPU
		{00A07CCD-766B-453A-BC8D-9FBDC8E36462}.Release|Any CPU.ActiveCfg = Release|Any CPU
		{00A07CCD-766B-453A-BC8D-9FBDC8E36462}.Release|Any CPU.Build.0 = Release|Any CPU
		{A770A0B0-350B-4A9E-8F28-9EB9AA8286C7}.Debug|Any CPU.ActiveCfg = Debug|Any CPU
		{A770A0B0-350B-4A9E-8F28-9EB9AA8286C7}.Debug|Any CPU.Build.0 = Debug|Any CPU
		{A770A0B0-350B-4A9E-8F28-9EB9AA8286C7}.Release|Any CPU.ActiveCfg = Release|Any CPU
		{A770A0B0-350B-4A9E-8F28-9EB9AA8286C7}.Release|Any CPU.Build.0 = Release|Any CPU
		{C421E1B5-2324-4CC2-8B82-D998333E9599}.Debug|Any CPU.ActiveCfg = Debug|Any CPU
		{C421E1B5-2324-4CC2-8B82-D998333E9599}.Debug|Any CPU.Build.0 = Debug|Any CPU
		{C421E1B5-2324-4CC2-8B82-D998333E9599}.Release|Any CPU.ActiveCfg = Release|Any CPU
		{C421E1B5-2324-4CC2-8B82-D998333E9599}.Release|Any CPU.Build.0 = Release|Any CPU
		{96AF4754-84E1-4BD6-8757-5703E6D7B96B}.Debug|Any CPU.ActiveCfg = Debug|Any CPU
		{96AF4754-84E1-4BD6-8757-5703E6D7B96B}.Debug|Any CPU.Build.0 = Debug|Any CPU
		{96AF4754-84E1-4BD6-8757-5703E6D7B96B}.Release|Any CPU.ActiveCfg = Release|Any CPU
		{96AF4754-84E1-4BD6-8757-5703E6D7B96B}.Release|Any CPU.Build.0 = Release|Any CPU
		{4212FE30-39DB-48D5-9A16-6F4CE97D1C79}.Debug|Any CPU.ActiveCfg = Debug|Any CPU
		{4212FE30-39DB-48D5-9A16-6F4CE97D1C79}.Debug|Any CPU.Build.0 = Debug|Any CPU
		{4212FE30-39DB-48D5-9A16-6F4CE97D1C79}.Release|Any CPU.ActiveCfg = Release|Any CPU
		{4212FE30-39DB-48D5-9A16-6F4CE97D1C79}.Release|Any CPU.Build.0 = Release|Any CPU
	EndGlobalSection
	GlobalSection(SolutionProperties) = preSolution
		HideSolutionNode = FALSE
	EndGlobalSection
	GlobalSection(ExtensibilityGlobals) = postSolution
		SolutionGuid = {6C0C66C6-8E80-43F1-B4D2-B97B71D73816}
	EndGlobalSection
EndGlobal
