
Microsoft Visual Studio Solution File, Format Version 12.00
# Visual Studio 15
VisualStudioVersion = 15.0.26730.16
MinimumVisualStudioVersion = 10.0.40219.1
Project("{FAE04EC0-301F-11D3-BF4B-00C04F79EFBC}") = "Debit Card Number", "Debit Card Number\Debit Card Number.csproj", "{F1EA7ED0-54A8-4651-BBA8-C7AFF8C0A4BA}"
EndProject
Project("{FAE04EC0-301F-11D3-BF4B-00C04F79EFBC}") = "Rectangle Area", "Rectangle Area\Rectangle Area.csproj", "{D17019BE-1DF7-41BB-AC27-D2BA571B85F8}"
EndProject
Project("{FAE04EC0-301F-11D3-BF4B-00C04F79EFBC}") = "Miles to Kilometers", "Miles to Kilometers\Miles to Kilometers.csproj", "{91102EA0-3965-4D52-B978-50488189E27A}"
EndProject
Project("{FAE04EC0-301F-11D3-BF4B-00C04F79EFBC}") = "Beverage Labels", "Beverage Labels\Beverage Labels.csproj", "{F49BFE8A-2D9C-4A3F-9074-8DEB07677625}"
EndProject
Project("{FAE04EC0-301F-11D3-BF4B-00C04F79EFBC}") = "Character Stats", "Character Stats\Character Stats.csproj", "{152661F0-E413-48EF-A040-1E0B3B27EE2D}"
EndProject
Global
	GlobalSection(SolutionConfigurationPlatforms) = preSolution
		Debug|Any CPU = Debug|Any CPU
		Release|Any CPU = Release|Any CPU
	EndGlobalSection
	GlobalSection(ProjectConfigurationPlatforms) = postSolution
		{F1EA7ED0-54A8-4651-BBA8-C7AFF8C0A4BA}.Debug|Any CPU.ActiveCfg = Debug|Any CPU
		{F1EA7ED0-54A8-4651-BBA8-C7AFF8C0A4BA}.Debug|Any CPU.Build.0 = Debug|Any CPU
		{F1EA7ED0-54A8-4651-BBA8-C7AFF8C0A4BA}.Release|Any CPU.ActiveCfg = Release|Any CPU
		{F1EA7ED0-54A8-4651-BBA8-C7AFF8C0A4BA}.Release|Any CPU.Build.0 = Release|Any CPU
		{D17019BE-1DF7-41BB-AC27-D2BA571B85F8}.Debug|Any CPU.ActiveCfg = Debug|Any CPU
		{D17019BE-1DF7-41BB-AC27-D2BA571B85F8}.Debug|Any CPU.Build.0 = Debug|Any CPU
		{D17019BE-1DF7-41BB-AC27-D2BA571B85F8}.Release|Any CPU.ActiveCfg = Release|Any CPU
		{D17019BE-1DF7-41BB-AC27-D2BA571B85F8}.Release|Any CPU.Build.0 = Release|Any CPU
		{91102EA0-3965-4D52-B978-50488189E27A}.Debug|Any CPU.ActiveCfg = Debug|Any CPU
		{91102EA0-3965-4D52-B978-50488189E27A}.Debug|Any CPU.Build.0 = Debug|Any CPU
		{91102EA0-3965-4D52-B978-50488189E27A}.Release|Any CPU.ActiveCfg = Release|Any CPU
		{91102EA0-3965-4D52-B978-50488189E27A}.Release|Any CPU.Build.0 = Release|Any CPU
		{F49BFE8A-2D9C-4A3F-9074-8DEB07677625}.Debug|Any CPU.ActiveCfg = Debug|Any CPU
		{F49BFE8A-2D9C-4A3F-9074-8DEB07677625}.Debug|Any CPU.Build.0 = Debug|Any CPU
		{F49BFE8A-2D9C-4A3F-9074-8DEB07677625}.Release|Any CPU.ActiveCfg = Release|Any CPU
		{F49BFE8A-2D9C-4A3F-9074-8DEB07677625}.Release|Any CPU.Build.0 = Release|Any CPU
		{152661F0-E413-48EF-A040-1E0B3B27EE2D}.Debug|Any CPU.ActiveCfg = Debug|Any CPU
		{152661F0-E413-48EF-A040-1E0B3B27EE2D}.Debug|Any CPU.Build.0 = Debug|Any CPU
		{152661F0-E413-48EF-A040-1E0B3B27EE2D}.Release|Any CPU.ActiveCfg = Release|Any CPU
		{152661F0-E413-48EF-A040-1E0B3B27EE2D}.Release|Any CPU.Build.0 = Release|Any CPU
	EndGlobalSection
	GlobalSection(SolutionProperties) = preSolution
		HideSolutionNode = FALSE
	EndGlobalSection
	GlobalSection(ExtensibilityGlobals) = postSolution
		SolutionGuid = {69D8438B-8DFA-4F6D-AD49-F5BCDD07AD68}
	EndGlobalSection
EndGlobal
