
Microsoft Visual Studio Solution File, Format Version 12.00
# Visual Studio 15
VisualStudioVersion = 15.0.27130.2036
MinimumVisualStudioVersion = 10.0.40219.1
Project("{FAE04EC0-301F-11D3-BF4B-00C04F79EFBC}") = "01ExtractEmails1", "01ExtractEmails1\01ExtractEmails1.csproj", "{012E14D8-9A24-45FD-BBCC-A1280B3958DA}"
EndProject
Project("{FAE04EC0-301F-11D3-BF4B-00C04F79EFBC}") = "02ExtractSentencesByKeyword", "02ExtractSentencesByKeyword\02ExtractSentencesByKeyword.csproj", "{051696BE-8A2F-49A4-948C-0F8405C7B5D2}"
EndProject
Project("{FAE04EC0-301F-11D3-BF4B-00C04F79EFBC}") = "03CameraView", "03CameraView\03CameraView.csproj", "{52527A3A-D9D1-46F9-9110-26346C76A0B0}"
EndProject
Project("{FAE04EC0-301F-11D3-BF4B-00C04F79EFBC}") = "04Weather", "04Weather\04Weather.csproj", "{2C2C891F-2B54-4D3C-B690-E02D6AE012A7}"
EndProject
Project("{FAE04EC0-301F-11D3-BF4B-00C04F79EFBC}") = "05KeyReplacer", "05KeyReplacer\05KeyReplacer.csproj", "{CA8ED2A1-761E-40A2-AD61-DB0E56DD1D73}"
EndProject
Project("{FAE04EC0-301F-11D3-BF4B-00C04F79EFBC}") = "06ValidUsernames", "06ValidUsernames\06ValidUsernames.csproj", "{D6DD819A-4101-45C9-9D0C-C1820C4B2F27}"
EndProject
Project("{FAE04EC0-301F-11D3-BF4B-00C04F79EFBC}") = "07QueryMess", "07QueryMess\07QueryMess.csproj", "{5897F6D9-0907-493C-B7BC-C64AB880E2BF}"
EndProject
Project("{FAE04EC0-301F-11D3-BF4B-00C04F79EFBC}") = "08UseYourChanceBuddy", "08UseYourChanceBuddy\08UseYourChanceBuddy.csproj", "{AEECD737-AC6E-4708-AF07-1202542D8C40}"
EndProject
Global
	GlobalSection(SolutionConfigurationPlatforms) = preSolution
		Debug|Any CPU = Debug|Any CPU
		Debug|ARM = Debug|ARM
		Debug|x64 = Debug|x64
		Debug|x86 = Debug|x86
		Release|Any CPU = Release|Any CPU
		Release|ARM = Release|ARM
		Release|x64 = Release|x64
		Release|x86 = Release|x86
	EndGlobalSection
	GlobalSection(ProjectConfigurationPlatforms) = postSolution
		{012E14D8-9A24-45FD-BBCC-A1280B3958DA}.Debug|Any CPU.ActiveCfg = Debug|Any CPU
		{012E14D8-9A24-45FD-BBCC-A1280B3958DA}.Debug|Any CPU.Build.0 = Debug|Any CPU
		{012E14D8-9A24-45FD-BBCC-A1280B3958DA}.Debug|ARM.ActiveCfg = Debug|Any CPU
		{012E14D8-9A24-45FD-BBCC-A1280B3958DA}.Debug|ARM.Build.0 = Debug|Any CPU
		{012E14D8-9A24-45FD-BBCC-A1280B3958DA}.Debug|x64.ActiveCfg = Debug|Any CPU
		{012E14D8-9A24-45FD-BBCC-A1280B3958DA}.Debug|x64.Build.0 = Debug|Any CPU
		{012E14D8-9A24-45FD-BBCC-A1280B3958DA}.Debug|x86.ActiveCfg = Debug|Any CPU
		{012E14D8-9A24-45FD-BBCC-A1280B3958DA}.Debug|x86.Build.0 = Debug|Any CPU
		{012E14D8-9A24-45FD-BBCC-A1280B3958DA}.Release|Any CPU.ActiveCfg = Release|Any CPU
		{012E14D8-9A24-45FD-BBCC-A1280B3958DA}.Release|Any CPU.Build.0 = Release|Any CPU
		{012E14D8-9A24-45FD-BBCC-A1280B3958DA}.Release|ARM.ActiveCfg = Release|Any CPU
		{012E14D8-9A24-45FD-BBCC-A1280B3958DA}.Release|ARM.Build.0 = Release|Any CPU
		{012E14D8-9A24-45FD-BBCC-A1280B3958DA}.Release|x64.ActiveCfg = Release|Any CPU
		{012E14D8-9A24-45FD-BBCC-A1280B3958DA}.Release|x64.Build.0 = Release|Any CPU
		{012E14D8-9A24-45FD-BBCC-A1280B3958DA}.Release|x86.ActiveCfg = Release|Any CPU
		{012E14D8-9A24-45FD-BBCC-A1280B3958DA}.Release|x86.Build.0 = Release|Any CPU
		{051696BE-8A2F-49A4-948C-0F8405C7B5D2}.Debug|Any CPU.ActiveCfg = Debug|Any CPU
		{051696BE-8A2F-49A4-948C-0F8405C7B5D2}.Debug|Any CPU.Build.0 = Debug|Any CPU
		{051696BE-8A2F-49A4-948C-0F8405C7B5D2}.Debug|ARM.ActiveCfg = Debug|Any CPU
		{051696BE-8A2F-49A4-948C-0F8405C7B5D2}.Debug|ARM.Build.0 = Debug|Any CPU
		{051696BE-8A2F-49A4-948C-0F8405C7B5D2}.Debug|x64.ActiveCfg = Debug|Any CPU
		{051696BE-8A2F-49A4-948C-0F8405C7B5D2}.Debug|x64.Build.0 = Debug|Any CPU
		{051696BE-8A2F-49A4-948C-0F8405C7B5D2}.Debug|x86.ActiveCfg = Debug|Any CPU
		{051696BE-8A2F-49A4-948C-0F8405C7B5D2}.Debug|x86.Build.0 = Debug|Any CPU
		{051696BE-8A2F-49A4-948C-0F8405C7B5D2}.Release|Any CPU.ActiveCfg = Release|Any CPU
		{051696BE-8A2F-49A4-948C-0F8405C7B5D2}.Release|Any CPU.Build.0 = Release|Any CPU
		{051696BE-8A2F-49A4-948C-0F8405C7B5D2}.Release|ARM.ActiveCfg = Release|Any CPU
		{051696BE-8A2F-49A4-948C-0F8405C7B5D2}.Release|ARM.Build.0 = Release|Any CPU
		{051696BE-8A2F-49A4-948C-0F8405C7B5D2}.Release|x64.ActiveCfg = Release|Any CPU
		{051696BE-8A2F-49A4-948C-0F8405C7B5D2}.Release|x64.Build.0 = Release|Any CPU
		{051696BE-8A2F-49A4-948C-0F8405C7B5D2}.Release|x86.ActiveCfg = Release|Any CPU
		{051696BE-8A2F-49A4-948C-0F8405C7B5D2}.Release|x86.Build.0 = Release|Any CPU
		{52527A3A-D9D1-46F9-9110-26346C76A0B0}.Debug|Any CPU.ActiveCfg = Debug|Any CPU
		{52527A3A-D9D1-46F9-9110-26346C76A0B0}.Debug|Any CPU.Build.0 = Debug|Any CPU
		{52527A3A-D9D1-46F9-9110-26346C76A0B0}.Debug|ARM.ActiveCfg = Debug|Any CPU
		{52527A3A-D9D1-46F9-9110-26346C76A0B0}.Debug|ARM.Build.0 = Debug|Any CPU
		{52527A3A-D9D1-46F9-9110-26346C76A0B0}.Debug|x64.ActiveCfg = Debug|Any CPU
		{52527A3A-D9D1-46F9-9110-26346C76A0B0}.Debug|x64.Build.0 = Debug|Any CPU
		{52527A3A-D9D1-46F9-9110-26346C76A0B0}.Debug|x86.ActiveCfg = Debug|Any CPU
		{52527A3A-D9D1-46F9-9110-26346C76A0B0}.Debug|x86.Build.0 = Debug|Any CPU
		{52527A3A-D9D1-46F9-9110-26346C76A0B0}.Release|Any CPU.ActiveCfg = Release|Any CPU
		{52527A3A-D9D1-46F9-9110-26346C76A0B0}.Release|Any CPU.Build.0 = Release|Any CPU
		{52527A3A-D9D1-46F9-9110-26346C76A0B0}.Release|ARM.ActiveCfg = Release|Any CPU
		{52527A3A-D9D1-46F9-9110-26346C76A0B0}.Release|ARM.Build.0 = Release|Any CPU
		{52527A3A-D9D1-46F9-9110-26346C76A0B0}.Release|x64.ActiveCfg = Release|Any CPU
		{52527A3A-D9D1-46F9-9110-26346C76A0B0}.Release|x64.Build.0 = Release|Any CPU
		{52527A3A-D9D1-46F9-9110-26346C76A0B0}.Release|x86.ActiveCfg = Release|Any CPU
		{52527A3A-D9D1-46F9-9110-26346C76A0B0}.Release|x86.Build.0 = Release|Any CPU
		{2C2C891F-2B54-4D3C-B690-E02D6AE012A7}.Debug|Any CPU.ActiveCfg = Debug|Any CPU
		{2C2C891F-2B54-4D3C-B690-E02D6AE012A7}.Debug|Any CPU.Build.0 = Debug|Any CPU
		{2C2C891F-2B54-4D3C-B690-E02D6AE012A7}.Debug|ARM.ActiveCfg = Debug|Any CPU
		{2C2C891F-2B54-4D3C-B690-E02D6AE012A7}.Debug|ARM.Build.0 = Debug|Any CPU
		{2C2C891F-2B54-4D3C-B690-E02D6AE012A7}.Debug|x64.ActiveCfg = Debug|Any CPU
		{2C2C891F-2B54-4D3C-B690-E02D6AE012A7}.Debug|x64.Build.0 = Debug|Any CPU
		{2C2C891F-2B54-4D3C-B690-E02D6AE012A7}.Debug|x86.ActiveCfg = Debug|Any CPU
		{2C2C891F-2B54-4D3C-B690-E02D6AE012A7}.Debug|x86.Build.0 = Debug|Any CPU
		{2C2C891F-2B54-4D3C-B690-E02D6AE012A7}.Release|Any CPU.ActiveCfg = Release|Any CPU
		{2C2C891F-2B54-4D3C-B690-E02D6AE012A7}.Release|Any CPU.Build.0 = Release|Any CPU
		{2C2C891F-2B54-4D3C-B690-E02D6AE012A7}.Release|ARM.ActiveCfg = Release|Any CPU
		{2C2C891F-2B54-4D3C-B690-E02D6AE012A7}.Release|ARM.Build.0 = Release|Any CPU
		{2C2C891F-2B54-4D3C-B690-E02D6AE012A7}.Release|x64.ActiveCfg = Release|Any CPU
		{2C2C891F-2B54-4D3C-B690-E02D6AE012A7}.Release|x64.Build.0 = Release|Any CPU
		{2C2C891F-2B54-4D3C-B690-E02D6AE012A7}.Release|x86.ActiveCfg = Release|Any CPU
		{2C2C891F-2B54-4D3C-B690-E02D6AE012A7}.Release|x86.Build.0 = Release|Any CPU
		{CA8ED2A1-761E-40A2-AD61-DB0E56DD1D73}.Debug|Any CPU.ActiveCfg = Debug|Any CPU
		{CA8ED2A1-761E-40A2-AD61-DB0E56DD1D73}.Debug|Any CPU.Build.0 = Debug|Any CPU
		{CA8ED2A1-761E-40A2-AD61-DB0E56DD1D73}.Debug|ARM.ActiveCfg = Debug|Any CPU
		{CA8ED2A1-761E-40A2-AD61-DB0E56DD1D73}.Debug|ARM.Build.0 = Debug|Any CPU
		{CA8ED2A1-761E-40A2-AD61-DB0E56DD1D73}.Debug|x64.ActiveCfg = Debug|Any CPU
		{CA8ED2A1-761E-40A2-AD61-DB0E56DD1D73}.Debug|x64.Build.0 = Debug|Any CPU
		{CA8ED2A1-761E-40A2-AD61-DB0E56DD1D73}.Debug|x86.ActiveCfg = Debug|Any CPU
		{CA8ED2A1-761E-40A2-AD61-DB0E56DD1D73}.Debug|x86.Build.0 = Debug|Any CPU
		{CA8ED2A1-761E-40A2-AD61-DB0E56DD1D73}.Release|Any CPU.ActiveCfg = Release|Any CPU
		{CA8ED2A1-761E-40A2-AD61-DB0E56DD1D73}.Release|Any CPU.Build.0 = Release|Any CPU
		{CA8ED2A1-761E-40A2-AD61-DB0E56DD1D73}.Release|ARM.ActiveCfg = Release|Any CPU
		{CA8ED2A1-761E-40A2-AD61-DB0E56DD1D73}.Release|ARM.Build.0 = Release|Any CPU
		{CA8ED2A1-761E-40A2-AD61-DB0E56DD1D73}.Release|x64.ActiveCfg = Release|Any CPU
		{CA8ED2A1-761E-40A2-AD61-DB0E56DD1D73}.Release|x64.Build.0 = Release|Any CPU
		{CA8ED2A1-761E-40A2-AD61-DB0E56DD1D73}.Release|x86.ActiveCfg = Release|Any CPU
		{CA8ED2A1-761E-40A2-AD61-DB0E56DD1D73}.Release|x86.Build.0 = Release|Any CPU
		{D6DD819A-4101-45C9-9D0C-C1820C4B2F27}.Debug|Any CPU.ActiveCfg = Debug|Any CPU
		{D6DD819A-4101-45C9-9D0C-C1820C4B2F27}.Debug|Any CPU.Build.0 = Debug|Any CPU
		{D6DD819A-4101-45C9-9D0C-C1820C4B2F27}.Debug|ARM.ActiveCfg = Debug|Any CPU
		{D6DD819A-4101-45C9-9D0C-C1820C4B2F27}.Debug|ARM.Build.0 = Debug|Any CPU
		{D6DD819A-4101-45C9-9D0C-C1820C4B2F27}.Debug|x64.ActiveCfg = Debug|Any CPU
		{D6DD819A-4101-45C9-9D0C-C1820C4B2F27}.Debug|x64.Build.0 = Debug|Any CPU
		{D6DD819A-4101-45C9-9D0C-C1820C4B2F27}.Debug|x86.ActiveCfg = Debug|Any CPU
		{D6DD819A-4101-45C9-9D0C-C1820C4B2F27}.Debug|x86.Build.0 = Debug|Any CPU
		{D6DD819A-4101-45C9-9D0C-C1820C4B2F27}.Release|Any CPU.ActiveCfg = Release|Any CPU
		{D6DD819A-4101-45C9-9D0C-C1820C4B2F27}.Release|Any CPU.Build.0 = Release|Any CPU
		{D6DD819A-4101-45C9-9D0C-C1820C4B2F27}.Release|ARM.ActiveCfg = Release|Any CPU
		{D6DD819A-4101-45C9-9D0C-C1820C4B2F27}.Release|ARM.Build.0 = Release|Any CPU
		{D6DD819A-4101-45C9-9D0C-C1820C4B2F27}.Release|x64.ActiveCfg = Release|Any CPU
		{D6DD819A-4101-45C9-9D0C-C1820C4B2F27}.Release|x64.Build.0 = Release|Any CPU
		{D6DD819A-4101-45C9-9D0C-C1820C4B2F27}.Release|x86.ActiveCfg = Release|Any CPU
		{D6DD819A-4101-45C9-9D0C-C1820C4B2F27}.Release|x86.Build.0 = Release|Any CPU
		{5897F6D9-0907-493C-B7BC-C64AB880E2BF}.Debug|Any CPU.ActiveCfg = Debug|Any CPU
		{5897F6D9-0907-493C-B7BC-C64AB880E2BF}.Debug|Any CPU.Build.0 = Debug|Any CPU
		{5897F6D9-0907-493C-B7BC-C64AB880E2BF}.Debug|ARM.ActiveCfg = Debug|Any CPU
		{5897F6D9-0907-493C-B7BC-C64AB880E2BF}.Debug|ARM.Build.0 = Debug|Any CPU
		{5897F6D9-0907-493C-B7BC-C64AB880E2BF}.Debug|x64.ActiveCfg = Debug|Any CPU
		{5897F6D9-0907-493C-B7BC-C64AB880E2BF}.Debug|x64.Build.0 = Debug|Any CPU
		{5897F6D9-0907-493C-B7BC-C64AB880E2BF}.Debug|x86.ActiveCfg = Debug|Any CPU
		{5897F6D9-0907-493C-B7BC-C64AB880E2BF}.Debug|x86.Build.0 = Debug|Any CPU
		{5897F6D9-0907-493C-B7BC-C64AB880E2BF}.Release|Any CPU.ActiveCfg = Release|Any CPU
		{5897F6D9-0907-493C-B7BC-C64AB880E2BF}.Release|Any CPU.Build.0 = Release|Any CPU
		{5897F6D9-0907-493C-B7BC-C64AB880E2BF}.Release|ARM.ActiveCfg = Release|Any CPU
		{5897F6D9-0907-493C-B7BC-C64AB880E2BF}.Release|ARM.Build.0 = Release|Any CPU
		{5897F6D9-0907-493C-B7BC-C64AB880E2BF}.Release|x64.ActiveCfg = Release|Any CPU
		{5897F6D9-0907-493C-B7BC-C64AB880E2BF}.Release|x64.Build.0 = Release|Any CPU
		{5897F6D9-0907-493C-B7BC-C64AB880E2BF}.Release|x86.ActiveCfg = Release|Any CPU
		{5897F6D9-0907-493C-B7BC-C64AB880E2BF}.Release|x86.Build.0 = Release|Any CPU
		{AEECD737-AC6E-4708-AF07-1202542D8C40}.Debug|Any CPU.ActiveCfg = Debug|Any CPU
		{AEECD737-AC6E-4708-AF07-1202542D8C40}.Debug|Any CPU.Build.0 = Debug|Any CPU
		{AEECD737-AC6E-4708-AF07-1202542D8C40}.Debug|ARM.ActiveCfg = Debug|Any CPU
		{AEECD737-AC6E-4708-AF07-1202542D8C40}.Debug|ARM.Build.0 = Debug|Any CPU
		{AEECD737-AC6E-4708-AF07-1202542D8C40}.Debug|x64.ActiveCfg = Debug|Any CPU
		{AEECD737-AC6E-4708-AF07-1202542D8C40}.Debug|x64.Build.0 = Debug|Any CPU
		{AEECD737-AC6E-4708-AF07-1202542D8C40}.Debug|x86.ActiveCfg = Debug|Any CPU
		{AEECD737-AC6E-4708-AF07-1202542D8C40}.Debug|x86.Build.0 = Debug|Any CPU
		{AEECD737-AC6E-4708-AF07-1202542D8C40}.Release|Any CPU.ActiveCfg = Release|Any CPU
		{AEECD737-AC6E-4708-AF07-1202542D8C40}.Release|Any CPU.Build.0 = Release|Any CPU
		{AEECD737-AC6E-4708-AF07-1202542D8C40}.Release|ARM.ActiveCfg = Release|Any CPU
		{AEECD737-AC6E-4708-AF07-1202542D8C40}.Release|ARM.Build.0 = Release|Any CPU
		{AEECD737-AC6E-4708-AF07-1202542D8C40}.Release|x64.ActiveCfg = Release|Any CPU
		{AEECD737-AC6E-4708-AF07-1202542D8C40}.Release|x64.Build.0 = Release|Any CPU
		{AEECD737-AC6E-4708-AF07-1202542D8C40}.Release|x86.ActiveCfg = Release|Any CPU
		{AEECD737-AC6E-4708-AF07-1202542D8C40}.Release|x86.Build.0 = Release|Any CPU
	EndGlobalSection
	GlobalSection(SolutionProperties) = preSolution
		HideSolutionNode = FALSE
	EndGlobalSection
	GlobalSection(ExtensibilityGlobals) = postSolution
		SolutionGuid = {8BAE1EAA-07E9-4575-863E-490153D12D66}
	EndGlobalSection
EndGlobal
